
Microsoft Visual Studio Solution File, Format Version 12.00
# Visual Studio Version 16
VisualStudioVersion = 16.0.30413.136
MinimumVisualStudioVersion = 10.0.40219.1
Project("{FAE04EC0-301F-11D3-BF4B-00C04F79EFBC}") = "Operadores Atribuicao", "Operadores Atribuicao\Operadores Atribuicao.csproj", "{33FD0BAF-A020-46DB-94DE-9CE055522AFB}"
EndProject
Global
	GlobalSection(SolutionConfigurationPlatforms) = preSolution
		Debug|Any CPU = Debug|Any CPU
		Release|Any CPU = Release|Any CPU
	EndGlobalSection
	GlobalSection(ProjectConfigurationPlatforms) = postSolution
		{33FD0BAF-A020-46DB-94DE-9CE055522AFB}.Debug|Any CPU.ActiveCfg = Debug|Any CPU
		{33FD0BAF-A020-46DB-94DE-9CE055522AFB}.Debug|Any CPU.Build.0 = Debug|Any CPU
		{33FD0BAF-A020-46DB-94DE-9CE055522AFB}.Release|Any CPU.ActiveCfg = Release|Any CPU
		{33FD0BAF-A020-46DB-94DE-9CE055522AFB}.Release|Any CPU.Build.0 = Release|Any CPU
	EndGlobalSection
	GlobalSection(SolutionProperties) = preSolution
		HideSolutionNode = FALSE
	EndGlobalSection
	GlobalSection(ExtensibilityGlobals) = postSolution
		SolutionGuid = {6D321115-BA4B-414C-B118-973FCE6C4233}
	EndGlobalSection
EndGlobal
