
Microsoft Visual Studio Solution File, Format Version 12.00
# Visual Studio Version 16
VisualStudioVersion = 16.0.30413.136
MinimumVisualStudioVersion = 10.0.40219.1
Project("{FAE04EC0-301F-11D3-BF4B-00C04F79EFBC}") = "Celcius em F - While Do", "Celcius em F - While Do\Celcius em F - While Do.csproj", "{73B4D861-2ADD-496F-B274-61AF94EE094A}"
EndProject
Global
	GlobalSection(SolutionConfigurationPlatforms) = preSolution
		Debug|Any CPU = Debug|Any CPU
		Release|Any CPU = Release|Any CPU
	EndGlobalSection
	GlobalSection(ProjectConfigurationPlatforms) = postSolution
		{73B4D861-2ADD-496F-B274-61AF94EE094A}.Debug|Any CPU.ActiveCfg = Debug|Any CPU
		{73B4D861-2ADD-496F-B274-61AF94EE094A}.Debug|Any CPU.Build.0 = Debug|Any CPU
		{73B4D861-2ADD-496F-B274-61AF94EE094A}.Release|Any CPU.ActiveCfg = Release|Any CPU
		{73B4D861-2ADD-496F-B274-61AF94EE094A}.Release|Any CPU.Build.0 = Release|Any CPU
	EndGlobalSection
	GlobalSection(SolutionProperties) = preSolution
		HideSolutionNode = FALSE
	EndGlobalSection
	GlobalSection(ExtensibilityGlobals) = postSolution
		SolutionGuid = {4ED941BE-C6FE-4152-9113-60257D396F56}
	EndGlobalSection
EndGlobal
