
Microsoft Visual Studio Solution File, Format Version 12.00
# Visual Studio Version 16
VisualStudioVersion = 16.0.30413.136
MinimumVisualStudioVersion = 10.0.40219.1
Project("{FAE04EC0-301F-11D3-BF4B-00C04F79EFBC}") = "Animal - IF 1049", "Animal - IF 1049\Animal - IF 1049.csproj", "{E8E886FE-10F2-49B5-A189-BDC63C29363C}"
EndProject
Global
	GlobalSection(SolutionConfigurationPlatforms) = preSolution
		Debug|Any CPU = Debug|Any CPU
		Release|Any CPU = Release|Any CPU
	EndGlobalSection
	GlobalSection(ProjectConfigurationPlatforms) = postSolution
		{E8E886FE-10F2-49B5-A189-BDC63C29363C}.Debug|Any CPU.ActiveCfg = Debug|Any CPU
		{E8E886FE-10F2-49B5-A189-BDC63C29363C}.Debug|Any CPU.Build.0 = Debug|Any CPU
		{E8E886FE-10F2-49B5-A189-BDC63C29363C}.Release|Any CPU.ActiveCfg = Release|Any CPU
		{E8E886FE-10F2-49B5-A189-BDC63C29363C}.Release|Any CPU.Build.0 = Release|Any CPU
	EndGlobalSection
	GlobalSection(SolutionProperties) = preSolution
		HideSolutionNode = FALSE
	EndGlobalSection
	GlobalSection(ExtensibilityGlobals) = postSolution
		SolutionGuid = {000676AF-5694-4537-95E4-494899F9B524}
	EndGlobalSection
EndGlobal
