
Microsoft Visual Studio Solution File, Format Version 12.00
# Visual Studio Version 16
VisualStudioVersion = 16.0.30413.136
MinimumVisualStudioVersion = 10.0.40219.1
Project("{FAE04EC0-301F-11D3-BF4B-00C04F79EFBC}") = "Nome Idade e Altura - Vetor", "Nome Idade e Altura - Vetor\Nome Idade e Altura - Vetor.csproj", "{1A656D33-1282-4F01-8D78-C830AB8C427E}"
EndProject
Global
	GlobalSection(SolutionConfigurationPlatforms) = preSolution
		Debug|Any CPU = Debug|Any CPU
		Release|Any CPU = Release|Any CPU
	EndGlobalSection
	GlobalSection(ProjectConfigurationPlatforms) = postSolution
		{1A656D33-1282-4F01-8D78-C830AB8C427E}.Debug|Any CPU.ActiveCfg = Debug|Any CPU
		{1A656D33-1282-4F01-8D78-C830AB8C427E}.Debug|Any CPU.Build.0 = Debug|Any CPU
		{1A656D33-1282-4F01-8D78-C830AB8C427E}.Release|Any CPU.ActiveCfg = Release|Any CPU
		{1A656D33-1282-4F01-8D78-C830AB8C427E}.Release|Any CPU.Build.0 = Release|Any CPU
	EndGlobalSection
	GlobalSection(SolutionProperties) = preSolution
		HideSolutionNode = FALSE
	EndGlobalSection
	GlobalSection(ExtensibilityGlobals) = postSolution
		SolutionGuid = {85E3A664-DF2D-4626-837B-3E7FAB2BF26A}
	EndGlobalSection
EndGlobal
