
Microsoft Visual Studio Solution File, Format Version 12.00
# Visual Studio Version 16
VisualStudioVersion = 16.0.30413.136
MinimumVisualStudioVersion = 10.0.40219.1
Project("{FAE04EC0-301F-11D3-BF4B-00C04F79EFBC}") = "Mês - IF 1052", "Mês - IF 1052\Mês - IF 1052.csproj", "{D3DE0CE3-3639-4EEE-B5E7-0F07303AC956}"
EndProject
Global
	GlobalSection(SolutionConfigurationPlatforms) = preSolution
		Debug|Any CPU = Debug|Any CPU
		Release|Any CPU = Release|Any CPU
	EndGlobalSection
	GlobalSection(ProjectConfigurationPlatforms) = postSolution
		{D3DE0CE3-3639-4EEE-B5E7-0F07303AC956}.Debug|Any CPU.ActiveCfg = Debug|Any CPU
		{D3DE0CE3-3639-4EEE-B5E7-0F07303AC956}.Debug|Any CPU.Build.0 = Debug|Any CPU
		{D3DE0CE3-3639-4EEE-B5E7-0F07303AC956}.Release|Any CPU.ActiveCfg = Release|Any CPU
		{D3DE0CE3-3639-4EEE-B5E7-0F07303AC956}.Release|Any CPU.Build.0 = Release|Any CPU
	EndGlobalSection
	GlobalSection(SolutionProperties) = preSolution
		HideSolutionNode = FALSE
	EndGlobalSection
	GlobalSection(ExtensibilityGlobals) = postSolution
		SolutionGuid = {6678ECE0-06D8-4F21-AACC-E8A3F982F952}
	EndGlobalSection
EndGlobal
