
Microsoft Visual Studio Solution File, Format Version 12.00
# Visual Studio Version 16
VisualStudioVersion = 16.0.30413.136
MinimumVisualStudioVersion = 10.0.40219.1
Project("{FAE04EC0-301F-11D3-BF4B-00C04F79EFBC}") = "Lanche - IF 1038", "Lanche - IF 1038\Lanche - IF 1038.csproj", "{886DE41F-DF57-4F1C-9B9A-FD8AC6579BB0}"
EndProject
Global
	GlobalSection(SolutionConfigurationPlatforms) = preSolution
		Debug|Any CPU = Debug|Any CPU
		Release|Any CPU = Release|Any CPU
	EndGlobalSection
	GlobalSection(ProjectConfigurationPlatforms) = postSolution
		{886DE41F-DF57-4F1C-9B9A-FD8AC6579BB0}.Debug|Any CPU.ActiveCfg = Debug|Any CPU
		{886DE41F-DF57-4F1C-9B9A-FD8AC6579BB0}.Debug|Any CPU.Build.0 = Debug|Any CPU
		{886DE41F-DF57-4F1C-9B9A-FD8AC6579BB0}.Release|Any CPU.ActiveCfg = Release|Any CPU
		{886DE41F-DF57-4F1C-9B9A-FD8AC6579BB0}.Release|Any CPU.Build.0 = Release|Any CPU
	EndGlobalSection
	GlobalSection(SolutionProperties) = preSolution
		HideSolutionNode = FALSE
	EndGlobalSection
	GlobalSection(ExtensibilityGlobals) = postSolution
		SolutionGuid = {223D8887-B737-4259-9D37-CF68F9F77BDA}
	EndGlobalSection
EndGlobal
