
Microsoft Visual Studio Solution File, Format Version 12.00
# Visual Studio Version 16
VisualStudioVersion = 16.0.30413.136
MinimumVisualStudioVersion = 10.0.40219.1
Project("{FAE04EC0-301F-11D3-BF4B-00C04F79EFBC}") = "Ler e Apresentar em Tela - Matrizes", "Ler e Apresentar em Tela - Matrizes\Ler e Apresentar em Tela - Matrizes.csproj", "{CE6E4050-3C9A-41A8-87BC-D456467A9E60}"
EndProject
Global
	GlobalSection(SolutionConfigurationPlatforms) = preSolution
		Debug|Any CPU = Debug|Any CPU
		Release|Any CPU = Release|Any CPU
	EndGlobalSection
	GlobalSection(ProjectConfigurationPlatforms) = postSolution
		{CE6E4050-3C9A-41A8-87BC-D456467A9E60}.Debug|Any CPU.ActiveCfg = Debug|Any CPU
		{CE6E4050-3C9A-41A8-87BC-D456467A9E60}.Debug|Any CPU.Build.0 = Debug|Any CPU
		{CE6E4050-3C9A-41A8-87BC-D456467A9E60}.Release|Any CPU.ActiveCfg = Release|Any CPU
		{CE6E4050-3C9A-41A8-87BC-D456467A9E60}.Release|Any CPU.Build.0 = Release|Any CPU
	EndGlobalSection
	GlobalSection(SolutionProperties) = preSolution
		HideSolutionNode = FALSE
	EndGlobalSection
	GlobalSection(ExtensibilityGlobals) = postSolution
		SolutionGuid = {D7272E88-FD78-41A6-93DF-9FBFF17F857C}
	EndGlobalSection
EndGlobal
