
Microsoft Visual Studio Solution File, Format Version 12.00
# Visual Studio Version 16
VisualStudioVersion = 16.0.30413.136
MinimumVisualStudioVersion = 10.0.40219.1
Project("{FAE04EC0-301F-11D3-BF4B-00C04F79EFBC}") = "Tipo de Combustível - While 1134", "Tipo de Combustível - While 1134\Tipo de Combustível - While 1134.csproj", "{6F33BA2D-DD97-4AB0-9595-FFB4B48CFF4A}"
EndProject
Global
	GlobalSection(SolutionConfigurationPlatforms) = preSolution
		Debug|Any CPU = Debug|Any CPU
		Release|Any CPU = Release|Any CPU
	EndGlobalSection
	GlobalSection(ProjectConfigurationPlatforms) = postSolution
		{6F33BA2D-DD97-4AB0-9595-FFB4B48CFF4A}.Debug|Any CPU.ActiveCfg = Debug|Any CPU
		{6F33BA2D-DD97-4AB0-9595-FFB4B48CFF4A}.Debug|Any CPU.Build.0 = Debug|Any CPU
		{6F33BA2D-DD97-4AB0-9595-FFB4B48CFF4A}.Release|Any CPU.ActiveCfg = Release|Any CPU
		{6F33BA2D-DD97-4AB0-9595-FFB4B48CFF4A}.Release|Any CPU.Build.0 = Release|Any CPU
	EndGlobalSection
	GlobalSection(SolutionProperties) = preSolution
		HideSolutionNode = FALSE
	EndGlobalSection
	GlobalSection(ExtensibilityGlobals) = postSolution
		SolutionGuid = {51F3C1FB-1A2F-437F-9003-BBB0209259F9}
	EndGlobalSection
EndGlobal
