
Microsoft Visual Studio Solution File, Format Version 12.00
# Visual Studio Version 16
VisualStudioVersion = 16.0.30413.136
MinimumVisualStudioVersion = 10.0.40219.1
Project("{FAE04EC0-301F-11D3-BF4B-00C04F79EFBC}") = "Várias Notas - 1118 - While", "Várias Notas - 1118 - While\Várias Notas - 1118 - While.csproj", "{B2E5FB99-AA1A-4A66-B31E-2D79B483BDFC}"
EndProject
Global
	GlobalSection(SolutionConfigurationPlatforms) = preSolution
		Debug|Any CPU = Debug|Any CPU
		Release|Any CPU = Release|Any CPU
	EndGlobalSection
	GlobalSection(ProjectConfigurationPlatforms) = postSolution
		{B2E5FB99-AA1A-4A66-B31E-2D79B483BDFC}.Debug|Any CPU.ActiveCfg = Debug|Any CPU
		{B2E5FB99-AA1A-4A66-B31E-2D79B483BDFC}.Debug|Any CPU.Build.0 = Debug|Any CPU
		{B2E5FB99-AA1A-4A66-B31E-2D79B483BDFC}.Release|Any CPU.ActiveCfg = Release|Any CPU
		{B2E5FB99-AA1A-4A66-B31E-2D79B483BDFC}.Release|Any CPU.Build.0 = Release|Any CPU
	EndGlobalSection
	GlobalSection(SolutionProperties) = preSolution
		HideSolutionNode = FALSE
	EndGlobalSection
	GlobalSection(ExtensibilityGlobals) = postSolution
		SolutionGuid = {46BAB0C3-48DE-4833-A635-45477041C698}
	EndGlobalSection
EndGlobal
