
Microsoft Visual Studio Solution File, Format Version 12.00
# Visual Studio Version 16
VisualStudioVersion = 16.0.30413.136
MinimumVisualStudioVersion = 10.0.40219.1
Project("{FAE04EC0-301F-11D3-BF4B-00C04F79EFBC}") = "Idades - While 1154", "Idades - While 1154\Idades - While 1154.csproj", "{166460C9-9D2E-47AF-A4FE-80B9932EC974}"
EndProject
Global
	GlobalSection(SolutionConfigurationPlatforms) = preSolution
		Debug|Any CPU = Debug|Any CPU
		Release|Any CPU = Release|Any CPU
	EndGlobalSection
	GlobalSection(ProjectConfigurationPlatforms) = postSolution
		{166460C9-9D2E-47AF-A4FE-80B9932EC974}.Debug|Any CPU.ActiveCfg = Debug|Any CPU
		{166460C9-9D2E-47AF-A4FE-80B9932EC974}.Debug|Any CPU.Build.0 = Debug|Any CPU
		{166460C9-9D2E-47AF-A4FE-80B9932EC974}.Release|Any CPU.ActiveCfg = Release|Any CPU
		{166460C9-9D2E-47AF-A4FE-80B9932EC974}.Release|Any CPU.Build.0 = Release|Any CPU
	EndGlobalSection
	GlobalSection(SolutionProperties) = preSolution
		HideSolutionNode = FALSE
	EndGlobalSection
	GlobalSection(ExtensibilityGlobals) = postSolution
		SolutionGuid = {32BEA715-4C4B-4F18-BE0E-409F0709F524}
	EndGlobalSection
EndGlobal
